github.com/Goganad/moduleexample v1.1.0 h1:0WkyqZzEsoTb9kA/Wp8Q1svGl4nuyI7JeDvvl286ETY=
github.com/Goganad/moduleexample v1.1.0/go.mod h1:16NMU7kmxxJDFQbIaXn7DhY9IvG/Bi5F1Up2XoygtUU=
github.com/Goganad/moduleexample/v2 v2.0.1 h1:yzm9Pk94HO7XOTDFEMcxOFEfLBxYV1DrQpv0WZAvwUU=
github.com/Goganad/moduleexample/v2 v2.0.1/go.mod h1:3EbB3NL7EVRyDm69nmM/YIi5+HYZOqf4Za3Y7mR/QO4=
github.com/pkg/errors v0.9.1 h1:FEBLx1zS214owpjy7qsBeixbURkuhQAwrK5UwLGTwt4=
github.com/pkg/errors v0.9.1/go.mod h1:bwawxfHBFNV+L2hUp1rHADufV3IMtnDRdf1r5NINEl0=
github.com/zmaxic1978/Go-Developer-Tool v1.1.0 h1:CQaqj8aQUL/54MkX+G0Rkd4w3pdfRXb7tsAZNk0Le8Y=
github.com/zmaxic1978/Go-Developer-Tool v1.1.0/go.mod h1:GqNfPgjgWhhsApIYL9F4p40kPvYRALQek2coftD1y70=
